
Microsoft Visual Studio Solution File, Format Version 12.00
# Visual Studio Version 16
VisualStudioVersion = 16.0.30114.105
MinimumVisualStudioVersion = 10.0.40219.1
Project("{FAE04EC0-301F-11D3-BF4B-00C04F79EFBC}") = "Comunicazione.Data", "Comunicazione.Data\Comunicazione.Data.csproj", "{3A581648-D853-45DB-BB3F-58739A97BFCE}"
EndProject
Project("{FAE04EC0-301F-11D3-BF4B-00C04F79EFBC}") = "Comunicazione.Models", "Comunicazione.Models\Comunicazione.Models.csproj", "{95930DBD-0733-450E-9D52-F461151D5068}"
EndProject
Project("{FAE04EC0-301F-11D3-BF4B-00C04F79EFBC}") = "Comunicazione.Web", "Comunicazione.Web\Comunicazione.Web.csproj", "{058B0F81-F295-403F-9D07-3EA83D94CCFB}"
EndProject
Global
	GlobalSection(SolutionConfigurationPlatforms) = preSolution
		Debug|Any CPU = Debug|Any CPU
		Debug|x64 = Debug|x64
		Debug|x86 = Debug|x86
		Release|Any CPU = Release|Any CPU
		Release|x64 = Release|x64
		Release|x86 = Release|x86
	EndGlobalSection
	GlobalSection(ProjectConfigurationPlatforms) = postSolution
		{3A581648-D853-45DB-BB3F-58739A97BFCE}.Debug|Any CPU.ActiveCfg = Debug|Any CPU
		{3A581648-D853-45DB-BB3F-58739A97BFCE}.Debug|Any CPU.Build.0 = Debug|Any CPU
		{3A581648-D853-45DB-BB3F-58739A97BFCE}.Debug|x64.ActiveCfg = Debug|Any CPU
		{3A581648-D853-45DB-BB3F-58739A97BFCE}.Debug|x64.Build.0 = Debug|Any CPU
		{3A581648-D853-45DB-BB3F-58739A97BFCE}.Debug|x86.ActiveCfg = Debug|Any CPU
		{3A581648-D853-45DB-BB3F-58739A97BFCE}.Debug|x86.Build.0 = Debug|Any CPU
		{3A581648-D853-45DB-BB3F-58739A97BFCE}.Release|Any CPU.ActiveCfg = Release|Any CPU
		{3A581648-D853-45DB-BB3F-58739A97BFCE}.Release|Any CPU.Build.0 = Release|Any CPU
		{3A581648-D853-45DB-BB3F-58739A97BFCE}.Release|x64.ActiveCfg = Release|Any CPU
		{3A581648-D853-45DB-BB3F-58739A97BFCE}.Release|x64.Build.0 = Release|Any CPU
		{3A581648-D853-45DB-BB3F-58739A97BFCE}.Release|x86.ActiveCfg = Release|Any CPU
		{3A581648-D853-45DB-BB3F-58739A97BFCE}.Release|x86.Build.0 = Release|Any CPU
		{95930DBD-0733-450E-9D52-F461151D5068}.Debug|Any CPU.ActiveCfg = Debug|Any CPU
		{95930DBD-0733-450E-9D52-F461151D5068}.Debug|Any CPU.Build.0 = Debug|Any CPU
		{95930DBD-0733-450E-9D52-F461151D5068}.Debug|x64.ActiveCfg = Debug|Any CPU
		{95930DBD-0733-450E-9D52-F461151D5068}.Debug|x64.Build.0 = Debug|Any CPU
		{95930DBD-0733-450E-9D52-F461151D5068}.Debug|x86.ActiveCfg = Debug|Any CPU
		{95930DBD-0733-450E-9D52-F461151D5068}.Debug|x86.Build.0 = Debug|Any CPU
		{95930DBD-0733-450E-9D52-F461151D5068}.Release|Any CPU.ActiveCfg = Release|Any CPU
		{95930DBD-0733-450E-9D52-F461151D5068}.Release|Any CPU.Build.0 = Release|Any CPU
		{95930DBD-0733-450E-9D52-F461151D5068}.Release|x64.ActiveCfg = Release|Any CPU
		{95930DBD-0733-450E-9D52-F461151D5068}.Release|x64.Build.0 = Release|Any CPU
		{95930DBD-0733-450E-9D52-F461151D5068}.Release|x86.ActiveCfg = Release|Any CPU
		{95930DBD-0733-450E-9D52-F461151D5068}.Release|x86.Build.0 = Release|Any CPU
		{058B0F81-F295-403F-9D07-3EA83D94CCFB}.Debug|Any CPU.ActiveCfg = Debug|Any CPU
		{058B0F81-F295-403F-9D07-3EA83D94CCFB}.Debug|Any CPU.Build.0 = Debug|Any CPU
		{058B0F81-F295-403F-9D07-3EA83D94CCFB}.Debug|x64.ActiveCfg = Debug|Any CPU
		{058B0F81-F295-403F-9D07-3EA83D94CCFB}.Debug|x64.Build.0 = Debug|Any CPU
		{058B0F81-F295-403F-9D07-3EA83D94CCFB}.Debug|x86.ActiveCfg = Debug|Any CPU
		{058B0F81-F295-403F-9D07-3EA83D94CCFB}.Debug|x86.Build.0 = Debug|Any CPU
		{058B0F81-F295-403F-9D07-3EA83D94CCFB}.Release|Any CPU.ActiveCfg = Release|Any CPU
		{058B0F81-F295-403F-9D07-3EA83D94CCFB}.Release|Any CPU.Build.0 = Release|Any CPU
		{058B0F81-F295-403F-9D07-3EA83D94CCFB}.Release|x64.ActiveCfg = Release|Any CPU
		{058B0F81-F295-403F-9D07-3EA83D94CCFB}.Release|x64.Build.0 = Release|Any CPU
		{058B0F81-F295-403F-9D07-3EA83D94CCFB}.Release|x86.ActiveCfg = Release|Any CPU
		{058B0F81-F295-403F-9D07-3EA83D94CCFB}.Release|x86.Build.0 = Release|Any CPU
	EndGlobalSection
	GlobalSection(SolutionProperties) = preSolution
		HideSolutionNode = FALSE
	EndGlobalSection
	GlobalSection(ExtensibilityGlobals) = postSolution
		SolutionGuid = {55B75ED8-6352-479F-BC56-C76908A5199D}
	EndGlobalSection
EndGlobal
