
Microsoft Visual Studio Solution File, Format Version 12.00
# Visual Studio Version 16
VisualStudioVersion = 16.0.30114.105
MinimumVisualStudioVersion = 10.0.40219.1
Project("{FAE04EC0-301F-11D3-BF4B-00C04F79EFBC}") = "Comunicazione.Web", "Comunicazione.Web\Comunicazione.Web.csproj", "{9E44A922-DCA8-4302-A45C-A2852392FE84}"
EndProject
Project("{FAE04EC0-301F-11D3-BF4B-00C04F79EFBC}") = "Comunicazione.Infrastructure", "Comunicazione.Infrastructure\Comunicazione.Infrastructure.csproj", "{D8C18D20-7615-4169-9575-B9F0F50C21E2}"
EndProject
Project("{FAE04EC0-301F-11D3-BF4B-00C04F79EFBC}") = "Comunicazione.Core", "Comunicazione.Core\Comunicazione.Core.csproj", "{582AAEDD-63AD-4097-B413-287CB204443C}"
EndProject
Global
	GlobalSection(SolutionConfigurationPlatforms) = preSolution
		Debug|Any CPU = Debug|Any CPU
		Release|Any CPU = Release|Any CPU
	EndGlobalSection
	GlobalSection(ProjectConfigurationPlatforms) = postSolution
		{9E44A922-DCA8-4302-A45C-A2852392FE84}.Debug|Any CPU.ActiveCfg = Debug|Any CPU
		{9E44A922-DCA8-4302-A45C-A2852392FE84}.Debug|Any CPU.Build.0 = Debug|Any CPU
		{9E44A922-DCA8-4302-A45C-A2852392FE84}.Release|Any CPU.ActiveCfg = Release|Any CPU
		{9E44A922-DCA8-4302-A45C-A2852392FE84}.Release|Any CPU.Build.0 = Release|Any CPU
		{D8C18D20-7615-4169-9575-B9F0F50C21E2}.Debug|Any CPU.ActiveCfg = Debug|Any CPU
		{D8C18D20-7615-4169-9575-B9F0F50C21E2}.Debug|Any CPU.Build.0 = Debug|Any CPU
		{D8C18D20-7615-4169-9575-B9F0F50C21E2}.Release|Any CPU.ActiveCfg = Release|Any CPU
		{D8C18D20-7615-4169-9575-B9F0F50C21E2}.Release|Any CPU.Build.0 = Release|Any CPU
		{582AAEDD-63AD-4097-B413-287CB204443C}.Debug|Any CPU.ActiveCfg = Debug|Any CPU
		{582AAEDD-63AD-4097-B413-287CB204443C}.Debug|Any CPU.Build.0 = Debug|Any CPU
		{582AAEDD-63AD-4097-B413-287CB204443C}.Release|Any CPU.ActiveCfg = Release|Any CPU
		{582AAEDD-63AD-4097-B413-287CB204443C}.Release|Any CPU.Build.0 = Release|Any CPU
	EndGlobalSection
	GlobalSection(SolutionProperties) = preSolution
		HideSolutionNode = FALSE
	EndGlobalSection
	GlobalSection(ExtensibilityGlobals) = postSolution
		SolutionGuid = {DD4B65CE-2E6F-4DD6-AFEC-4780F2136B93}
	EndGlobalSection
EndGlobal
